
Microsoft Visual Studio Solution File, Format Version 12.00
# Visual Studio Version 17
VisualStudioVersion = 17.7.34221.43
MinimumVisualStudioVersion = 10.0.40219.1
Project("{FAE04EC0-301F-11D3-BF4B-00C04F79EFBC}") = "MVC _CourseManagement", "MVC _CourseManagement\MVC _CourseManagement.csproj", "{1FE1002E-EEAE-4121-B545-2A29630BD1B9}"
EndProject
Global
	GlobalSection(SolutionConfigurationPlatforms) = preSolution
		Debug|Any CPU = Debug|Any CPU
		Release|Any CPU = Release|Any CPU
	EndGlobalSection
	GlobalSection(ProjectConfigurationPlatforms) = postSolution
		{1FE1002E-EEAE-4121-B545-2A29630BD1B9}.Debug|Any CPU.ActiveCfg = Debug|Any CPU
		{1FE1002E-EEAE-4121-B545-2A29630BD1B9}.Debug|Any CPU.Build.0 = Debug|Any CPU
		{1FE1002E-EEAE-4121-B545-2A29630BD1B9}.Release|Any CPU.ActiveCfg = Release|Any CPU
		{1FE1002E-EEAE-4121-B545-2A29630BD1B9}.Release|Any CPU.Build.0 = Release|Any CPU
	EndGlobalSection
	GlobalSection(SolutionProperties) = preSolution
		HideSolutionNode = FALSE
	EndGlobalSection
	GlobalSection(ExtensibilityGlobals) = postSolution
		SolutionGuid = {CE65E1EC-7A47-45C5-85E2-8DA8A170A4F0}
	EndGlobalSection
EndGlobal
